
Microsoft Visual Studio Solution File, Format Version 12.00
# Visual Studio Version 16
VisualStudioVersion = 16.0.29418.71
MinimumVisualStudioVersion = 10.0.40219.1
Project("{FAE04EC0-301F-11D3-BF4B-00C04F79EFBC}") = "Fibo", "Fibo\Fibo.csproj", "{C01923FE-7AD0-448C-8440-CA871652DDAF}"
EndProject
Global
	GlobalSection(SolutionConfigurationPlatforms) = preSolution
		Debug|Any CPU = Debug|Any CPU
		Release|Any CPU = Release|Any CPU
	EndGlobalSection
	GlobalSection(ProjectConfigurationPlatforms) = postSolution
		{C01923FE-7AD0-448C-8440-CA871652DDAF}.Debug|Any CPU.ActiveCfg = Debug|Any CPU
		{C01923FE-7AD0-448C-8440-CA871652DDAF}.Debug|Any CPU.Build.0 = Debug|Any CPU
		{C01923FE-7AD0-448C-8440-CA871652DDAF}.Release|Any CPU.ActiveCfg = Release|Any CPU
		{C01923FE-7AD0-448C-8440-CA871652DDAF}.Release|Any CPU.Build.0 = Release|Any CPU
	EndGlobalSection
	GlobalSection(SolutionProperties) = preSolution
		HideSolutionNode = FALSE
	EndGlobalSection
	GlobalSection(ExtensibilityGlobals) = postSolution
		SolutionGuid = {CE8FEC5A-A892-481C-B39B-10A7549FFF4E}
	EndGlobalSection
EndGlobal
